
Microsoft Visual Studio Solution File, Format Version 12.00
# Visual Studio Version 16
VisualStudioVersion = 16.0.32407.337
MinimumVisualStudioVersion = 10.0.40219.1
Project("{FAE04EC0-301F-11D3-BF4B-00C04F79EFBC}") = "B211200039", "B211200039.csproj", "{DE2F4F8F-F410-4826-B6BB-C5A3651832EF}"
EndProject
Global
	GlobalSection(SolutionConfigurationPlatforms) = preSolution
		Debug|Any CPU = Debug|Any CPU
		Release|Any CPU = Release|Any CPU
	EndGlobalSection
	GlobalSection(ProjectConfigurationPlatforms) = postSolution
		{DE2F4F8F-F410-4826-B6BB-C5A3651832EF}.Debug|Any CPU.ActiveCfg = Debug|Any CPU
		{DE2F4F8F-F410-4826-B6BB-C5A3651832EF}.Debug|Any CPU.Build.0 = Debug|Any CPU
		{DE2F4F8F-F410-4826-B6BB-C5A3651832EF}.Release|Any CPU.ActiveCfg = Release|Any CPU
		{DE2F4F8F-F410-4826-B6BB-C5A3651832EF}.Release|Any CPU.Build.0 = Release|Any CPU
	EndGlobalSection
	GlobalSection(SolutionProperties) = preSolution
		HideSolutionNode = FALSE
	EndGlobalSection
	GlobalSection(ExtensibilityGlobals) = postSolution
		SolutionGuid = {A264186F-F31D-4AFE-BE4F-FC3CDFEC6931}
	EndGlobalSection
EndGlobal
